
Microsoft Visual Studio Solution File, Format Version 12.00
# Visual Studio Version 16
VisualStudioVersion = 16.0.31729.503
MinimumVisualStudioVersion = 10.0.40219.1
Project("{FAE04EC0-301F-11D3-BF4B-00C04F79EFBC}") = "RestService", "RestService\RestService.csproj", "{786CE5EF-7B6D-4F44-B37D-915ADE89359E}"
EndProject
Global
	GlobalSection(SolutionConfigurationPlatforms) = preSolution
		Debug|Any CPU = Debug|Any CPU
		Release|Any CPU = Release|Any CPU
	EndGlobalSection
	GlobalSection(ProjectConfigurationPlatforms) = postSolution
		{786CE5EF-7B6D-4F44-B37D-915ADE89359E}.Debug|Any CPU.ActiveCfg = Debug|Any CPU
		{786CE5EF-7B6D-4F44-B37D-915ADE89359E}.Debug|Any CPU.Build.0 = Debug|Any CPU
		{786CE5EF-7B6D-4F44-B37D-915ADE89359E}.Release|Any CPU.ActiveCfg = Release|Any CPU
		{786CE5EF-7B6D-4F44-B37D-915ADE89359E}.Release|Any CPU.Build.0 = Release|Any CPU
	EndGlobalSection
	GlobalSection(SolutionProperties) = preSolution
		HideSolutionNode = FALSE
	EndGlobalSection
	GlobalSection(ExtensibilityGlobals) = postSolution
		SolutionGuid = {89F043D6-1C3B-4161-A633-5925EC3533CC}
	EndGlobalSection
EndGlobal
